{
  "name": "nym",
  "version": "1.0.0",
  "lockfileVersion": 3,
  "requires": true,
  "packages": {
    "": {
      "name": "nym",
      "version": "1.0.0",
      "license": "MIT",
      "dependencies": {
        "openai": "^5.1.1",
        "posthog-node": "^5.1.1",
        "zod": "^3.25.56"
      }
    },
    "node_modules/openai": {
      "version": "5.1.1",
      "resolved": "https://registry.npmjs.org/openai/-/openai-5.1.1.tgz",
      "integrity": "sha512-lgIdLqvpLpz8xPUKcEIV6ml+by74mbSBz8zv/AHHebtLn/WdpH4kdXT3/Q5uUKDHg3vHV/z9+G9wZINRX6rkDg==",
      "license": "Apache-2.0",
      "bin": {
        "openai": "bin/cli"
      },
      "peerDependencies": {
        "ws": "^8.18.0",
        "zod": "^3.23.8"
      },
      "peerDependenciesMeta": {
        "ws": {
          "optional": true
        },
        "zod": {
          "optional": true
        }
      }
    },
    "node_modules/posthog-node": {
      "version": "5.1.1",
      "resolved": "https://registry.npmjs.org/posthog-node/-/posthog-node-5.1.1.tgz",
      "integrity": "sha512-6VISkNdxO24ehXiDA4dugyCSIV7lpGVaEu5kn/dlAj+SJ1lgcDru9PQ8p/+GSXsXVxohd1t7kHL2JKc9NoGb0w==",
      "license": "MIT",
      "engines": {
        "node": ">=20"
      }
    },
    "node_modules/zod": {
      "version": "3.25.56",
      "resolved": "https://registry.npmjs.org/zod/-/zod-3.25.56.tgz",
      "integrity": "sha512-rd6eEF3BTNvQnR2e2wwolfTmUTnp70aUTqr0oaGbHifzC3BKJsoV+Gat8vxUMR1hwOKBs6El+qWehrHbCpW6SQ==",
      "license": "MIT",
      "funding": {
        "url": "https://github.com/sponsors/colinhacks"
      }
    }
  }
}
